
Microsoft Visual Studio Solution File, Format Version 12.00
# Visual Studio Version 16
VisualStudioVersion = 16.0.31112.23
MinimumVisualStudioVersion = 15.0.26124.0
Project("{2150E333-8FDC-42A3-9474-1A3956D46DE8}") = "TaxaDeJuros", "TaxaDeJuros", "{5F4D352C-B319-4192-8242-0D01A3DC9A1D}"
EndProject
Project("{9A19103F-16F7-4668-BE54-9A1E7A4F7556}") = "TaxaDeJuros.Api", "src\TaxaDeJuros.Api\TaxaDeJuros.Api.csproj", "{ECD55652-4A3F-4E05-BC70-DC63849074C3}"
EndProject
Project("{2150E333-8FDC-42A3-9474-1A3956D46DE8}") = "CalculaJutos", "CalculaJutos", "{D5BCF28E-A075-4CB8-AB72-5790862BD13E}"
EndProject
Project("{9A19103F-16F7-4668-BE54-9A1E7A4F7556}") = "CalculaJuros.Api", "src\CalculaJuros.Api\CalculaJuros.Api.csproj", "{C7D8185B-8D8D-4DFD-A137-49ABEEE0F52A}"
EndProject
Project("{9A19103F-16F7-4668-BE54-9A1E7A4F7556}") = "TaxaDeJuros.Tests", "src\TaxaDeJuros.Tests\TaxaDeJuros.Tests.csproj", "{2D9DD1D8-0EAF-489A-A2EF-1A6E626D405C}"
EndProject
Project("{9A19103F-16F7-4668-BE54-9A1E7A4F7556}") = "CalculaJuros.Tests", "src\CalculaJuros.Tests\CalculaJuros.Tests.csproj", "{4D10BFDF-F16E-493B-B06D-2CF24EA6E1E9}"
EndProject
Project("{2150E333-8FDC-42A3-9474-1A3956D46DE8}") = "ShowMeTheCode", "ShowMeTheCode", "{0AA9C769-C68A-4A27-B3BB-C32B36365544}"
EndProject
Project("{9A19103F-16F7-4668-BE54-9A1E7A4F7556}") = "ShowMeTheCode.Api", "src\ShowMeTheCode.Api\ShowMeTheCode.Api.csproj", "{874836AA-E196-42C5-976D-74C0B07E6E3A}"
EndProject
Project("{FAE04EC0-301F-11D3-BF4B-00C04F79EFBC}") = "ShowMeTheCode.Tests", "src\ShowMeTheCode.Tests\ShowMeTheCode.Tests.csproj", "{56F705C3-9A92-4E88-B267-C07BEA8CFD59}"
EndProject
Global
	GlobalSection(SolutionConfigurationPlatforms) = preSolution
		Debug|Any CPU = Debug|Any CPU
		Debug|x64 = Debug|x64
		Debug|x86 = Debug|x86
		Release|Any CPU = Release|Any CPU
		Release|x64 = Release|x64
		Release|x86 = Release|x86
	EndGlobalSection
	GlobalSection(ProjectConfigurationPlatforms) = postSolution
		{ECD55652-4A3F-4E05-BC70-DC63849074C3}.Debug|Any CPU.ActiveCfg = Debug|Any CPU
		{ECD55652-4A3F-4E05-BC70-DC63849074C3}.Debug|Any CPU.Build.0 = Debug|Any CPU
		{ECD55652-4A3F-4E05-BC70-DC63849074C3}.Debug|x64.ActiveCfg = Debug|Any CPU
		{ECD55652-4A3F-4E05-BC70-DC63849074C3}.Debug|x64.Build.0 = Debug|Any CPU
		{ECD55652-4A3F-4E05-BC70-DC63849074C3}.Debug|x86.ActiveCfg = Debug|Any CPU
		{ECD55652-4A3F-4E05-BC70-DC63849074C3}.Debug|x86.Build.0 = Debug|Any CPU
		{ECD55652-4A3F-4E05-BC70-DC63849074C3}.Release|Any CPU.ActiveCfg = Release|Any CPU
		{ECD55652-4A3F-4E05-BC70-DC63849074C3}.Release|Any CPU.Build.0 = Release|Any CPU
		{ECD55652-4A3F-4E05-BC70-DC63849074C3}.Release|x64.ActiveCfg = Release|Any CPU
		{ECD55652-4A3F-4E05-BC70-DC63849074C3}.Release|x64.Build.0 = Release|Any CPU
		{ECD55652-4A3F-4E05-BC70-DC63849074C3}.Release|x86.ActiveCfg = Release|Any CPU
		{ECD55652-4A3F-4E05-BC70-DC63849074C3}.Release|x86.Build.0 = Release|Any CPU
		{C7D8185B-8D8D-4DFD-A137-49ABEEE0F52A}.Debug|Any CPU.ActiveCfg = Debug|Any CPU
		{C7D8185B-8D8D-4DFD-A137-49ABEEE0F52A}.Debug|Any CPU.Build.0 = Debug|Any CPU
		{C7D8185B-8D8D-4DFD-A137-49ABEEE0F52A}.Debug|x64.ActiveCfg = Debug|Any CPU
		{C7D8185B-8D8D-4DFD-A137-49ABEEE0F52A}.Debug|x64.Build.0 = Debug|Any CPU
		{C7D8185B-8D8D-4DFD-A137-49ABEEE0F52A}.Debug|x86.ActiveCfg = Debug|Any CPU
		{C7D8185B-8D8D-4DFD-A137-49ABEEE0F52A}.Debug|x86.Build.0 = Debug|Any CPU
		{C7D8185B-8D8D-4DFD-A137-49ABEEE0F52A}.Release|Any CPU.ActiveCfg = Release|Any CPU
		{C7D8185B-8D8D-4DFD-A137-49ABEEE0F52A}.Release|Any CPU.Build.0 = Release|Any CPU
		{C7D8185B-8D8D-4DFD-A137-49ABEEE0F52A}.Release|x64.ActiveCfg = Release|Any CPU
		{C7D8185B-8D8D-4DFD-A137-49ABEEE0F52A}.Release|x64.Build.0 = Release|Any CPU
		{C7D8185B-8D8D-4DFD-A137-49ABEEE0F52A}.Release|x86.ActiveCfg = Release|Any CPU
		{C7D8185B-8D8D-4DFD-A137-49ABEEE0F52A}.Release|x86.Build.0 = Release|Any CPU
		{2D9DD1D8-0EAF-489A-A2EF-1A6E626D405C}.Debug|Any CPU.ActiveCfg = Debug|Any CPU
		{2D9DD1D8-0EAF-489A-A2EF-1A6E626D405C}.Debug|Any CPU.Build.0 = Debug|Any CPU
		{2D9DD1D8-0EAF-489A-A2EF-1A6E626D405C}.Debug|x64.ActiveCfg = Debug|Any CPU
		{2D9DD1D8-0EAF-489A-A2EF-1A6E626D405C}.Debug|x64.Build.0 = Debug|Any CPU
		{2D9DD1D8-0EAF-489A-A2EF-1A6E626D405C}.Debug|x86.ActiveCfg = Debug|Any CPU
		{2D9DD1D8-0EAF-489A-A2EF-1A6E626D405C}.Debug|x86.Build.0 = Debug|Any CPU
		{2D9DD1D8-0EAF-489A-A2EF-1A6E626D405C}.Release|Any CPU.ActiveCfg = Release|Any CPU
		{2D9DD1D8-0EAF-489A-A2EF-1A6E626D405C}.Release|Any CPU.Build.0 = Release|Any CPU
		{2D9DD1D8-0EAF-489A-A2EF-1A6E626D405C}.Release|x64.ActiveCfg = Release|Any CPU
		{2D9DD1D8-0EAF-489A-A2EF-1A6E626D405C}.Release|x64.Build.0 = Release|Any CPU
		{2D9DD1D8-0EAF-489A-A2EF-1A6E626D405C}.Release|x86.ActiveCfg = Release|Any CPU
		{2D9DD1D8-0EAF-489A-A2EF-1A6E626D405C}.Release|x86.Build.0 = Release|Any CPU
		{4D10BFDF-F16E-493B-B06D-2CF24EA6E1E9}.Debug|Any CPU.ActiveCfg = Debug|Any CPU
		{4D10BFDF-F16E-493B-B06D-2CF24EA6E1E9}.Debug|Any CPU.Build.0 = Debug|Any CPU
		{4D10BFDF-F16E-493B-B06D-2CF24EA6E1E9}.Debug|x64.ActiveCfg = Debug|Any CPU
		{4D10BFDF-F16E-493B-B06D-2CF24EA6E1E9}.Debug|x64.Build.0 = Debug|Any CPU
		{4D10BFDF-F16E-493B-B06D-2CF24EA6E1E9}.Debug|x86.ActiveCfg = Debug|Any CPU
		{4D10BFDF-F16E-493B-B06D-2CF24EA6E1E9}.Debug|x86.Build.0 = Debug|Any CPU
		{4D10BFDF-F16E-493B-B06D-2CF24EA6E1E9}.Release|Any CPU.ActiveCfg = Release|Any CPU
		{4D10BFDF-F16E-493B-B06D-2CF24EA6E1E9}.Release|Any CPU.Build.0 = Release|Any CPU
		{4D10BFDF-F16E-493B-B06D-2CF24EA6E1E9}.Release|x64.ActiveCfg = Release|Any CPU
		{4D10BFDF-F16E-493B-B06D-2CF24EA6E1E9}.Release|x64.Build.0 = Release|Any CPU
		{4D10BFDF-F16E-493B-B06D-2CF24EA6E1E9}.Release|x86.ActiveCfg = Release|Any CPU
		{4D10BFDF-F16E-493B-B06D-2CF24EA6E1E9}.Release|x86.Build.0 = Release|Any CPU
		{874836AA-E196-42C5-976D-74C0B07E6E3A}.Debug|Any CPU.ActiveCfg = Debug|Any CPU
		{874836AA-E196-42C5-976D-74C0B07E6E3A}.Debug|Any CPU.Build.0 = Debug|Any CPU
		{874836AA-E196-42C5-976D-74C0B07E6E3A}.Debug|x64.ActiveCfg = Debug|Any CPU
		{874836AA-E196-42C5-976D-74C0B07E6E3A}.Debug|x64.Build.0 = Debug|Any CPU
		{874836AA-E196-42C5-976D-74C0B07E6E3A}.Debug|x86.ActiveCfg = Debug|Any CPU
		{874836AA-E196-42C5-976D-74C0B07E6E3A}.Debug|x86.Build.0 = Debug|Any CPU
		{874836AA-E196-42C5-976D-74C0B07E6E3A}.Release|Any CPU.ActiveCfg = Release|Any CPU
		{874836AA-E196-42C5-976D-74C0B07E6E3A}.Release|Any CPU.Build.0 = Release|Any CPU
		{874836AA-E196-42C5-976D-74C0B07E6E3A}.Release|x64.ActiveCfg = Release|Any CPU
		{874836AA-E196-42C5-976D-74C0B07E6E3A}.Release|x64.Build.0 = Release|Any CPU
		{874836AA-E196-42C5-976D-74C0B07E6E3A}.Release|x86.ActiveCfg = Release|Any CPU
		{874836AA-E196-42C5-976D-74C0B07E6E3A}.Release|x86.Build.0 = Release|Any CPU
		{56F705C3-9A92-4E88-B267-C07BEA8CFD59}.Debug|Any CPU.ActiveCfg = Debug|Any CPU
		{56F705C3-9A92-4E88-B267-C07BEA8CFD59}.Debug|Any CPU.Build.0 = Debug|Any CPU
		{56F705C3-9A92-4E88-B267-C07BEA8CFD59}.Debug|x64.ActiveCfg = Debug|Any CPU
		{56F705C3-9A92-4E88-B267-C07BEA8CFD59}.Debug|x64.Build.0 = Debug|Any CPU
		{56F705C3-9A92-4E88-B267-C07BEA8CFD59}.Debug|x86.ActiveCfg = Debug|Any CPU
		{56F705C3-9A92-4E88-B267-C07BEA8CFD59}.Debug|x86.Build.0 = Debug|Any CPU
		{56F705C3-9A92-4E88-B267-C07BEA8CFD59}.Release|Any CPU.ActiveCfg = Release|Any CPU
		{56F705C3-9A92-4E88-B267-C07BEA8CFD59}.Release|Any CPU.Build.0 = Release|Any CPU
		{56F705C3-9A92-4E88-B267-C07BEA8CFD59}.Release|x64.ActiveCfg = Release|Any CPU
		{56F705C3-9A92-4E88-B267-C07BEA8CFD59}.Release|x64.Build.0 = Release|Any CPU
		{56F705C3-9A92-4E88-B267-C07BEA8CFD59}.Release|x86.ActiveCfg = Release|Any CPU
		{56F705C3-9A92-4E88-B267-C07BEA8CFD59}.Release|x86.Build.0 = Release|Any CPU
	EndGlobalSection
	GlobalSection(SolutionProperties) = preSolution
		HideSolutionNode = FALSE
	EndGlobalSection
	GlobalSection(NestedProjects) = preSolution
		{ECD55652-4A3F-4E05-BC70-DC63849074C3} = {5F4D352C-B319-4192-8242-0D01A3DC9A1D}
		{C7D8185B-8D8D-4DFD-A137-49ABEEE0F52A} = {D5BCF28E-A075-4CB8-AB72-5790862BD13E}
		{2D9DD1D8-0EAF-489A-A2EF-1A6E626D405C} = {5F4D352C-B319-4192-8242-0D01A3DC9A1D}
		{4D10BFDF-F16E-493B-B06D-2CF24EA6E1E9} = {D5BCF28E-A075-4CB8-AB72-5790862BD13E}
		{874836AA-E196-42C5-976D-74C0B07E6E3A} = {0AA9C769-C68A-4A27-B3BB-C32B36365544}
		{56F705C3-9A92-4E88-B267-C07BEA8CFD59} = {0AA9C769-C68A-4A27-B3BB-C32B36365544}
	EndGlobalSection
	GlobalSection(ExtensibilityGlobals) = postSolution
		SolutionGuid = {E6E7A255-ED58-4FFC-B59E-800566128EAA}
	EndGlobalSection
EndGlobal
